<?xml version="1.0" encoding="utf-8"?>
<Project ToolsVersion="4.0" xmlns="http://schemas.microsoft.com/developer/msbuild/2003">
  <ItemGroup>
    <Filter Include="ソース ファイル">
      <UniqueIdentifier>{4FC737F1-C7A5-4376-A066-2A32D752A2FF}</UniqueIdentifier>
      <Extensions>cpp;c;cc;cxx;c++;cppm;ixx;def;odl;idl;hpj;bat;asm;asmx</Extensions>
    </Filter>
    <Filter Include="ヘッダー ファイル">
      <UniqueIdentifier>{93995380-89BD-4b04-88EB-625FBE52EBFB}</UniqueIdentifier>
      <Extensions>h;hh;hpp;hxx;h++;hm;inl;inc;ipp;xsd</Extensions>
    </Filter>
    <Filter Include="リソース ファイル">
      <UniqueIdentifier>{67DA6AB6-F800-4c08-8B7A-83BB121AAD01}</UniqueIdentifier>
      <Extensions>rc;ico;cur;bmp;dlg;rc2;rct;bin;rgs;gif;jpg;jpeg;jpe;resx;tiff;tif;png;wav;mfcribbon-ms</Extensions>
    </Filter>
    <Filter Include="ヘッダー ファイル\window_example">
      <UniqueIdentifier>{30c173a7-88d5-42da-b1e1-16a1c7f97b2c}</UniqueIdentifier>
    </Filter>
    <Filter Include="ヘッダー ファイル\scene_example">
      <UniqueIdentifier>{ad54a48f-3e74-4e08-aa76-0e3bd990dc29}</UniqueIdentifier>
    </Filter>
    <Filter Include="ヘッダー ファイル\feature">
      <UniqueIdentifier>{51f786b5-9e6e-439e-914d-db79f5652ff8}</UniqueIdentifier>
    </Filter>
    <Filter Include="ソース ファイル\feature">
      <UniqueIdentifier>{d3460d5e-713e-4bdf-95d5-5be8bf9d1e01}</UniqueIdentifier>
    </Filter>
    <Filter Include="ソース ファイル\scene_example">
      <UniqueIdentifier>{e870fc60-eca6-4f18-b03a-69f4ca07d2c8}</UniqueIdentifier>
    </Filter>
    <Filter Include="ソース ファイル\window_example">
      <UniqueIdentifier>{f929a9bc-b24d-41ab-ae94-73ddd0dac299}</UniqueIdentifier>
    </Filter>
    <Filter Include="ヘッダー ファイル\feature\interfaces">
      <UniqueIdentifier>{97c1b23d-c3c5-4dea-957b-17036d7c274f}</UniqueIdentifier>
    </Filter>
  </ItemGroup>
  <ItemGroup>
    <ClCompile Include="src\entry.cpp">
      <Filter>ソース ファイル</Filter>
    </ClCompile>
    <ClCompile Include="src\pch.cpp">
      <Filter>ソース ファイル</Filter>
    </ClCompile>
    <ClCompile Include="src\feature\asset_factory_data.cpp">
      <Filter>ソース ファイル\feature</Filter>
    </ClCompile>
    <ClCompile Include="src\feature\component_example.cpp">
      <Filter>ソース ファイル\feature</Filter>
    </ClCompile>
    <ClCompile Include="src\feature\file_loader_text.cpp">
      <Filter>ソース ファイル\feature</Filter>
    </ClCompile>
    <ClCompile Include="src\feature\prefab_example.cpp">
      <Filter>ソース ファイル\feature</Filter>
    </ClCompile>
    <ClCompile Include="src\feature\system_example.cpp">
      <Filter>ソース ファイル\feature</Filter>
    </ClCompile>
    <ClCompile Include="src\scene_example\asset_group.cpp">
      <Filter>ソース ファイル\scene_example</Filter>
    </ClCompile>
    <ClCompile Include="src\scene_example\entities_factory.cpp">
      <Filter>ソース ファイル\scene_example</Filter>
    </ClCompile>
    <ClCompile Include="src\scene_example\scene.cpp">
      <Filter>ソース ファイル\scene_example</Filter>
    </ClCompile>
    <ClCompile Include="src\scene_example\system_scheduler.cpp">
      <Filter>ソース ファイル\scene_example</Filter>
    </ClCompile>
    <ClCompile Include="src\window_example\event_factory.cpp">
      <Filter>ソース ファイル\window_example</Filter>
    </ClCompile>
    <ClCompile Include="src\window_example\facade_factory.cpp">
      <Filter>ソース ファイル\window_example</Filter>
    </ClCompile>
    <ClCompile Include="src\window_example\monitor_keyboard.cpp">
      <Filter>ソース ファイル\window_example</Filter>
    </ClCompile>
    <ClCompile Include="src\window_example\monitor_mouse.cpp">
      <Filter>ソース ファイル\window_example</Filter>
    </ClCompile>
    <ClCompile Include="src\window_example\window.cpp">
      <Filter>ソース ファイル\window_example</Filter>
    </ClCompile>
    <ClCompile Include="src\feature\asset.cpp">
      <Filter>ソース ファイル\feature</Filter>
    </ClCompile>
  </ItemGroup>
  <ItemGroup>
    <ClInclude Include="src\pch.h">
      <Filter>ソース ファイル</Filter>
    </ClInclude>
    <ClInclude Include="include\window_example\window.h">
      <Filter>ヘッダー ファイル\window_example</Filter>
    </ClInclude>
    <ClInclude Include="include\window_example\event_factory.h">
      <Filter>ヘッダー ファイル\window_example</Filter>
    </ClInclude>
    <ClInclude Include="include\window_example\facade_factory.h">
      <Filter>ヘッダー ファイル\window_example</Filter>
    </ClInclude>
    <ClInclude Include="include\scene_example\asset_group.h">
      <Filter>ヘッダー ファイル\scene_example</Filter>
    </ClInclude>
    <ClInclude Include="include\scene_example\entities_factory.h">
      <Filter>ヘッダー ファイル\scene_example</Filter>
    </ClInclude>
    <ClInclude Include="include\scene_example\scene.h">
      <Filter>ヘッダー ファイル\scene_example</Filter>
    </ClInclude>
    <ClInclude Include="include\scene_example\system_scheduler.h">
      <Filter>ヘッダー ファイル\scene_example</Filter>
    </ClInclude>
    <ClInclude Include="include\feature\asset_factory_data.h">
      <Filter>ヘッダー ファイル\feature</Filter>
    </ClInclude>
    <ClInclude Include="include\feature\component_example.h">
      <Filter>ヘッダー ファイル\feature</Filter>
    </ClInclude>
    <ClInclude Include="include\feature\file_loader_text.h">
      <Filter>ヘッダー ファイル\feature</Filter>
    </ClInclude>
    <ClInclude Include="include\feature\prefab_example.h">
      <Filter>ヘッダー ファイル\feature</Filter>
    </ClInclude>
    <ClInclude Include="include\feature\system_example.h">
      <Filter>ヘッダー ファイル\feature</Filter>
    </ClInclude>
    <ClInclude Include="include\window_example\monitor_keyboard.h">
      <Filter>ヘッダー ファイル\window_example</Filter>
    </ClInclude>
    <ClInclude Include="include\window_example\monitor_mouse.h">
      <Filter>ヘッダー ファイル\window_example</Filter>
    </ClInclude>
    <ClInclude Include="include\feature\asset.h">
      <Filter>ヘッダー ファイル\feature</Filter>
    </ClInclude>
    <ClInclude Include="include\feature\interfaces\component_example.h">
      <Filter>ヘッダー ファイル\feature\interfaces</Filter>
    </ClInclude>
    <ClInclude Include="include\feature\interfaces\file_data_text.h">
      <Filter>ヘッダー ファイル\feature\interfaces</Filter>
    </ClInclude>
    <ClInclude Include="include\feature\file_data_text.h">
      <Filter>ヘッダー ファイル\feature</Filter>
    </ClInclude>
    <ClInclude Include="include\feature\interfaces\asset_data.h">
      <Filter>ヘッダー ファイル\feature\interfaces</Filter>
    </ClInclude>
    <ClInclude Include="include\feature\asset_data.h">
      <Filter>ヘッダー ファイル</Filter>
    </ClInclude>
  </ItemGroup>
</Project>